
Microsoft Visual Studio Solution File, Format Version 12.00
# Visual Studio 15
VisualStudioVersion = 15.0.28307.852
MinimumVisualStudioVersion = 10.0.40219.1
Project("{FAE04EC0-301F-11D3-BF4B-00C04F79EFBC}") = "QuickBuy.Dominio", "QuickBuy.Dominio\QuickBuy.Dominio.csproj", "{E69E9F73-4A3A-4899-9899-D4801639EE07}"
EndProject
Project("{FAE04EC0-301F-11D3-BF4B-00C04F79EFBC}") = "QuickBuy.Repositorio", "QuickBuy.Repositorio\QuickBuy.Repositorio.csproj", "{8C826EED-6614-41AC-B860-66E41AC0F442}"
EndProject
Project("{FAE04EC0-301F-11D3-BF4B-00C04F79EFBC}") = "QuickBuy.Web", "QuickBuy.Web\QuickBuy.Web.csproj", "{E2F5728E-2A59-42DE-B5B3-86D350D13C3F}"
EndProject
Global
	GlobalSection(SolutionConfigurationPlatforms) = preSolution
		Debug|Any CPU = Debug|Any CPU
		Release|Any CPU = Release|Any CPU
	EndGlobalSection
	GlobalSection(ProjectConfigurationPlatforms) = postSolution
		{E69E9F73-4A3A-4899-9899-D4801639EE07}.Debug|Any CPU.ActiveCfg = Debug|Any CPU
		{E69E9F73-4A3A-4899-9899-D4801639EE07}.Debug|Any CPU.Build.0 = Debug|Any CPU
		{E69E9F73-4A3A-4899-9899-D4801639EE07}.Release|Any CPU.ActiveCfg = Release|Any CPU
		{E69E9F73-4A3A-4899-9899-D4801639EE07}.Release|Any CPU.Build.0 = Release|Any CPU
		{8C826EED-6614-41AC-B860-66E41AC0F442}.Debug|Any CPU.ActiveCfg = Debug|Any CPU
		{8C826EED-6614-41AC-B860-66E41AC0F442}.Debug|Any CPU.Build.0 = Debug|Any CPU
		{8C826EED-6614-41AC-B860-66E41AC0F442}.Release|Any CPU.ActiveCfg = Release|Any CPU
		{8C826EED-6614-41AC-B860-66E41AC0F442}.Release|Any CPU.Build.0 = Release|Any CPU
		{E2F5728E-2A59-42DE-B5B3-86D350D13C3F}.Debug|Any CPU.ActiveCfg = Debug|Any CPU
		{E2F5728E-2A59-42DE-B5B3-86D350D13C3F}.Debug|Any CPU.Build.0 = Debug|Any CPU
		{E2F5728E-2A59-42DE-B5B3-86D350D13C3F}.Release|Any CPU.ActiveCfg = Release|Any CPU
		{E2F5728E-2A59-42DE-B5B3-86D350D13C3F}.Release|Any CPU.Build.0 = Release|Any CPU
	EndGlobalSection
	GlobalSection(SolutionProperties) = preSolution
		HideSolutionNode = FALSE
	EndGlobalSection
	GlobalSection(ExtensibilityGlobals) = postSolution
		SolutionGuid = {F0AF1C66-B9BE-4BA6-9AC0-7D3688763109}
	EndGlobalSection
EndGlobal
